# THIS IS AN AUTOGENERATED FILE. DO NOT EDIT THIS FILE DIRECTLY.
# yarn lockfile v1


"@vant/weapp@^1.6.9":
  version "1.6.9"
  resolved "https://registry.nlark.com/@vant/weapp/download/@vant/weapp-1.6.9.tgz#f4840a6207dfc51cd4534db9626f6989c7c355f4"
  integrity sha1-9IQKYgffxRzUU025Ym9picfDVfQ=

miniprogram-api-typings@^3.3.2:
  version "3.3.2"
  resolved "https://registry.nlark.com/miniprogram-api-typings/download/miniprogram-api-typings-3.3.2.tgz?cache=0&sync_timestamp=1619019408693&other_urls=https%3A%2F%2Fregistry.nlark.com%2Fminiprogram-api-typings%2Fdownload%2Fminiprogram-api-typings-3.3.2.tgz#1e6aa65817e6534850141cd2af23eeff6ba61b4e"
  integrity sha1-HmqmWBfmU0hQFBzSryPu/2umG04=

typescript@^3.3.3333:
  version "3.9.10"
  resolved "https://registry.nlark.com/typescript/download/typescript-3.9.10.tgz#70f3910ac7a51ed6bef79da7800690b19bf778b8"
  integrity sha1-cPORCselHta+952ngAaQsZv3eLg=
